
Microsoft Visual Studio Solution File, Format Version 12.00
# Visual Studio 15
VisualStudioVersion = 15.0.28010.2041
MinimumVisualStudioVersion = 10.0.40219.1
Project("{8BC9CEB8-8B4A-11D0-8D11-00A0C91BC942}") = "Kruskal's_algorithm", "Kruskal's_algorithm\Kruskal's_algorithm.vcxproj", "{CC40E239-9711-4F8D-8055-378414434DF2}"
EndProject
Global
	GlobalSection(SolutionConfigurationPlatforms) = preSolution
		Debug|x64 = Debug|x64
		Debug|x86 = Debug|x86
		Release|x64 = Release|x64
		Release|x86 = Release|x86
	EndGlobalSection
	GlobalSection(ProjectConfigurationPlatforms) = postSolution
		{CC40E239-9711-4F8D-8055-378414434DF2}.Debug|x64.ActiveCfg = Debug|x64
		{CC40E239-9711-4F8D-8055-378414434DF2}.Debug|x64.Build.0 = Debug|x64
		{CC40E239-9711-4F8D-8055-378414434DF2}.Debug|x86.ActiveCfg = Debug|Win32
		{CC40E239-9711-4F8D-8055-378414434DF2}.Debug|x86.Build.0 = Debug|Win32
		{CC40E239-9711-4F8D-8055-378414434DF2}.Release|x64.ActiveCfg = Release|x64
		{CC40E239-9711-4F8D-8055-378414434DF2}.Release|x64.Build.0 = Release|x64
		{CC40E239-9711-4F8D-8055-378414434DF2}.Release|x86.ActiveCfg = Release|Win32
		{CC40E239-9711-4F8D-8055-378414434DF2}.Release|x86.Build.0 = Release|Win32
	EndGlobalSection
	GlobalSection(SolutionProperties) = preSolution
		HideSolutionNode = FALSE
	EndGlobalSection
	GlobalSection(ExtensibilityGlobals) = postSolution
		SolutionGuid = {3FCD9F3E-CD93-42D5-BD2A-37F689A341A8}
	EndGlobalSection
EndGlobal
